# THIS IS AN AUTOGENERATED FILE. DO NOT EDIT THIS FILE DIRECTLY.
# yarn lockfile v1


framer-motion@^12.23.22:
  version "12.23.22"
  resolved "https://registry.yarnpkg.com/framer-motion/-/framer-motion-12.23.22.tgz#798333fdcc5cd65fabfc450985b7236bbdbf5d64"
  integrity sha512-ZgGvdxXCw55ZYvhoZChTlG6pUuehecgvEAJz0BHoC5pQKW1EC5xf1Mul1ej5+ai+pVY0pylyFfdl45qnM1/GsA==
  dependencies:
    motion-dom "^12.23.21"
    motion-utils "^12.23.6"
    tslib "^2.4.0"

motion-dom@^12.23.21:
  version "12.23.21"
  resolved "https://registry.yarnpkg.com/motion-dom/-/motion-dom-12.23.21.tgz#1efe2d1bdda31875f0ee56d06f02be7b562a0bdd"
  integrity sha512-5xDXx/AbhrfgsQmSE7YESMn4Dpo6x5/DTZ4Iyy4xqDvVHWvFVoV+V2Ri2S/ksx+D40wrZ7gPYiMWshkdoqNgNQ==
  dependencies:
    motion-utils "^12.23.6"

motion-utils@^12.23.6:
  version "12.23.6"
  resolved "https://registry.yarnpkg.com/motion-utils/-/motion-utils-12.23.6.tgz#fafef80b4ea85122dd0d6c599a0c63d72881f312"
  integrity sha512-eAWoPgr4eFEOFfg2WjIsMoqJTW6Z8MTUCgn/GZ3VRpClWBdnbjryiA3ZSNLyxCTmCQx4RmYX6jX1iWHbenUPNQ==

tslib@^2.4.0:
  version "2.8.1"
  resolved "https://registry.yarnpkg.com/tslib/-/tslib-2.8.1.tgz#612efe4ed235d567e8aba5f2a5fab70280ade83f"
  integrity sha512-oJFu94HQb+KVduSUQL7wnpmqnfmLsOA/nAh6b6EH0wCEoK0/mPeXU6c3wKDV83MkOuHPRHtSXKKU99IBazS/2w==
